
Microsoft Visual Studio Solution File, Format Version 12.00
# Visual Studio Version 17
VisualStudioVersion = 17.5.33414.496
MinimumVisualStudioVersion = 10.0.40219.1
Project("{FAE04EC0-301F-11D3-BF4B-00C04F79EFBC}") = "Exercicio1", "Exercicio1\Exercicio1.csproj", "{352A049D-200C-4360-BE7B-BF5384FD66D9}"
EndProject
Global
	GlobalSection(SolutionConfigurationPlatforms) = preSolution
		Debug|Any CPU = Debug|Any CPU
		Release|Any CPU = Release|Any CPU
	EndGlobalSection
	GlobalSection(ProjectConfigurationPlatforms) = postSolution
		{352A049D-200C-4360-BE7B-BF5384FD66D9}.Debug|Any CPU.ActiveCfg = Debug|Any CPU
		{352A049D-200C-4360-BE7B-BF5384FD66D9}.Debug|Any CPU.Build.0 = Debug|Any CPU
		{352A049D-200C-4360-BE7B-BF5384FD66D9}.Release|Any CPU.ActiveCfg = Release|Any CPU
		{352A049D-200C-4360-BE7B-BF5384FD66D9}.Release|Any CPU.Build.0 = Release|Any CPU
	EndGlobalSection
	GlobalSection(SolutionProperties) = preSolution
		HideSolutionNode = FALSE
	EndGlobalSection
	GlobalSection(ExtensibilityGlobals) = postSolution
		SolutionGuid = {CFA26EAB-3B3C-4422-A616-D969CE6FF082}
	EndGlobalSection
EndGlobal
